
Microsoft Visual Studio Solution File, Format Version 12.00
# Visual Studio Version 17
VisualStudioVersion = 17.9.34728.123
MinimumVisualStudioVersion = 10.0.40219.1
Project("{FAE04EC0-301F-11D3-BF4B-00C04F79EFBC}") = "FiorelloSlider-OneToMany", "FiorelloSlider-OneToMany\FiorelloSlider-OneToMany.csproj", "{FFF09C69-D85A-41F2-A575-FC381DBB9EB5}"
EndProject
Global
	GlobalSection(SolutionConfigurationPlatforms) = preSolution
		Debug|Any CPU = Debug|Any CPU
		Release|Any CPU = Release|Any CPU
	EndGlobalSection
	GlobalSection(ProjectConfigurationPlatforms) = postSolution
		{FFF09C69-D85A-41F2-A575-FC381DBB9EB5}.Debug|Any CPU.ActiveCfg = Debug|Any CPU
		{FFF09C69-D85A-41F2-A575-FC381DBB9EB5}.Debug|Any CPU.Build.0 = Debug|Any CPU
		{FFF09C69-D85A-41F2-A575-FC381DBB9EB5}.Release|Any CPU.ActiveCfg = Release|Any CPU
		{FFF09C69-D85A-41F2-A575-FC381DBB9EB5}.Release|Any CPU.Build.0 = Release|Any CPU
	EndGlobalSection
	GlobalSection(SolutionProperties) = preSolution
		HideSolutionNode = FALSE
	EndGlobalSection
	GlobalSection(ExtensibilityGlobals) = postSolution
		SolutionGuid = {6F36E377-0C73-48D0-AD2C-C4A3C88F81C5}
	EndGlobalSection
EndGlobal
